PATH
  remote: .
  specs:
    activefacts-compositions (1.9.24)
      activefacts-api (~> 1, >= 1.9.11)
      activefacts-cql (~> 1, >= 1.9.5)
      activefacts-metamodel (~> 1, >= 1.9.22)
      activesupport (~> 7)
      json (~> 2.6)
      tracing (~> 2, >= 2.0.6)

PATH
  remote: /Users/cjh/work/activefacts/api
  specs:
    activefacts-api (1.9.13)
      rbtree-pure (~> 0, >= 0.1.1)
      tracing (~> 2, >= 2.0.4)

PATH
  remote: /Users/cjh/work/activefacts/cql
  specs:
    activefacts-cql (1.9.7)
      activefacts-metamodel (~> 1, >= 1.9.22)
      treetop (~> 1.6, >= 1.6.9)

PATH
  remote: /Users/cjh/work/activefacts/metamodel
  specs:
    activefacts-metamodel (1.9.23)
      activefacts-api (~> 1, >= 1.9.5)

GEM
  remote: https://rubygems.org/
  specs:
    activefacts (1.9.0)
      activefacts-cql (~> 1, >= 1.9)
      activefacts-generators (~> 1, >= 1.9)
      activefacts-orm (~> 1, >= 1.9)
    activefacts-generators (1.9.2)
      activefacts-metamodel (~> 1, >= 1.9.14)
      activefacts-rmap (~> 1, >= 1.8)
      activesupport (>= 4)
    activefacts-orm (1.9.4)
      activefacts-metamodel (~> 1, >= 1.8)
      nokogiri (~> 1, >= 1.6)
    activefacts-rmap (1.8.2)
      activefacts-metamodel (~> 1, >= 1.8)
    activesupport (7.2.3.1)
      base64
      benchmark (>= 0.3)
      bigdecimal
      concurrent-ruby (~> 1.0, >= 1.3.1)
      connection_pool (>= 2.2.5)
      drb
      i18n (>= 1.6, < 2)
      logger (>= 1.4.2)
      minitest (>= 5.1, < 6)
      securerandom (>= 0.3)
      tzinfo (~> 2.0, >= 2.0.5)
    base64 (0.3.0)
    benchmark (0.5.0)
    bigdecimal (4.1.2)
    concurrent-ruby (1.3.6)
    connection_pool (3.0.2)
    date (3.5.1)
    debug (1.11.1)
      irb (~> 1.10)
      reline (>= 0.3.8)
    diff-lcs (1.6.2)
    drb (2.2.3)
    erb (6.0.4)
    i18n (1.14.8)
      concurrent-ruby (~> 1.0)
    io-console (0.8.2)
    irb (1.18.0)
      pp (>= 0.6.0)
      prism (>= 1.3.0)
      rdoc (>= 4.0.0)
      reline (>= 0.4.2)
    json (2.19.4)
    logger (1.7.0)
    minitest (5.27.0)
    nokogiri (1.19.3-aarch64-linux-gnu)
      racc (~> 1.4)
    nokogiri (1.19.3-aarch64-linux-musl)
      racc (~> 1.4)
    nokogiri (1.19.3-arm-linux-gnu)
      racc (~> 1.4)
    nokogiri (1.19.3-arm-linux-musl)
      racc (~> 1.4)
    nokogiri (1.19.3-arm64-darwin)
      racc (~> 1.4)
    nokogiri (1.19.3-x86_64-darwin)
      racc (~> 1.4)
    nokogiri (1.19.3-x86_64-linux-gnu)
      racc (~> 1.4)
    nokogiri (1.19.3-x86_64-linux-musl)
      racc (~> 1.4)
    polyglot (0.3.5)
    pp (0.6.3)
      prettyprint
    prettyprint (0.2.0)
    prism (1.9.0)
    psych (5.3.1)
      date
      stringio
    racc (1.8.1)
    rake (13.4.2)
    rbtree-pure (0.1.1)
    rdoc (7.2.0)
      erb
      psych (>= 4.0.0)
      tsort
    reline (0.6.3)
      io-console (~> 0.5)
    rspec (3.13.2)
      rspec-core (~> 3.13.0)
      rspec-expectations (~> 3.13.0)
      rspec-mocks (~> 3.13.0)
    rspec-core (3.13.6)
      rspec-support (~> 3.13.0)
    rspec-expectations (3.13.5)
      diff-lcs (>= 1.2.0, < 2.0)
      rspec-support (~> 3.13.0)
    rspec-mocks (3.13.8)
      diff-lcs (>= 1.2.0, < 2.0)
      rspec-support (~> 3.13.0)
    rspec-support (3.13.7)
    securerandom (0.4.1)
    stringio (3.2.0)
    tracing (2.0.10)
      debug (~> 1)
    treetop (1.6.18)
      polyglot (~> 0.3)
    tsort (0.2.0)
    tzinfo (2.0.6)
      concurrent-ruby (~> 1.0)

PLATFORMS
  aarch64-linux-gnu
  aarch64-linux-musl
  arm-linux-gnu
  arm-linux-musl
  arm64-darwin
  x86_64-darwin
  x86_64-linux-gnu
  x86_64-linux-musl

DEPENDENCIES
  activefacts (~> 1, >= 1.8)
  activefacts-api!
  activefacts-compositions!
  activefacts-cql!
  activefacts-metamodel!
  bundler (>= 1.11)
  rake (>= 13)
  rspec (~> 3.3)

BUNDLED WITH
  4.0.9
